// !$*UTF8*$!
{
	archiveVersion = 1;
	classes = {
	};
	objectVersion = 46;
	objects = {

/* Begin PBXBuildFile section */
		C32C2B4218FBBA8B0059B7BF /* Foundation.framework in Frameworks */ = {isa = PBXBuildFile; fileRef = C32C2B4118FBBA8B0059B7BF /* Foundation.framework */; };
		C32C2B4418FBBA8B0059B7BF /* CoreGraphics.framework in Frameworks */ = {isa = PBXBuildFile; fileRef = C32C2B4318FBBA8B0059B7BF /* CoreGraphics.framework */; };
		C32C2B4618FBBA8B0059B7BF /* UIKit.framework in Frameworks */ = {isa = PBXBuildFile; fileRef = C32C2B4518FBBA8B0059B7BF /* UIKit.framework */; };
		C32C2B4C18FBBA8B0059B7BF /* InfoPlist.strings in Resources */ = {isa = PBXBuildFile; fileRef = C32C2B4A18FBBA8B0059B7BF /* InfoPlist.strings */; };
		C32C2B4E18FBBA8B0059B7BF /* main.m in Sources */ = {isa = PBXBuildFile; fileRef = C32C2B4D18FBBA8B0059B7BF /* main.m */; };
		C32C2B5218FBBA8B0059B7BF /* AppDelegate.m in Sources */ = {isa = PBXBuildFile; fileRef = C32C2B5118FBBA8B0059B7BF /* AppDelegate.m */; };
		C32C2B5518FBBA8B0059B7BF /* Main.storyboard in Resources */ = {isa = PBXBuildFile; fileRef = C32C2B5318FBBA8B0059B7BF /* Main.storyboard */; };
		C32C2B5818FBBA8B0059B7BF /* ViewController.m in Sources */ = {isa = PBXBuildFile; fileRef = C32C2B5718FBBA8B0059B7BF /* ViewController.m */; };
		C32C2B5A18FBBA8B0059B7BF /* Images.xcassets in Resources */ = {isa = PBXBuildFile; fileRef = C32C2B5918FBBA8B0059B7BF /* Images.xcassets */; };
		C32C2B6118FBBA8B0059B7BF /* XCTest.framework in Frameworks */ = {isa = PBXBuildFile; fileRef = C32C2B6018FBBA8B0059B7BF /* XCTest.framework */; };
		C32C2B6218FBBA8B0059B7BF /* Foundation.framework in Frameworks */ = {isa = PBXBuildFile; fileRef = C32C2B4118FBBA8B0059B7BF /* Foundation.framework */; };
		C32C2B6318FBBA8B0059B7BF /* UIKit.framework in Frameworks */ = {isa = PBXBuildFile; fileRef = C32C2B4518FBBA8B0059B7BF /* UIKit.framework */; };
		C32C2B6B18FBBA8B0059B7BF /* InfoPlist.strings in Resources */ = {isa = PBXBuildFile; fileRef = C32C2B6918FBBA8B0059B7BF /* InfoPlist.strings */; };
		C32C2B6D18FBBA8B0059B7BF /* TravisCITestFlightTests.m in Sources */ = {isa = PBXBuildFile; fileRef = C32C2B6C18FBBA8B0059B7BF /* TravisCITestFlightTests.m */; };
/* End PBXBuildFile section */

/* Begin PBXContainerItemProxy section */
		C32C2B6418FBBA8B0059B7BF /* PBXContainerItemProxy */ = {
			isa = PBXContainerItemProxy;
			containerPortal = C32C2B3618FBBA8B0059B7BF /* Project object */;
			proxyType = 1;
			remoteGlobalIDString = C32C2B3D18FBBA8B0059B7BF;
			remoteInfo = TravisCITestFlight;
		};
/* End PBXContainerItemProxy section */

/* Begin PBXFileReference section */
		C32C2B3E18FBBA8B0059B7BF /* TravisCITestFlight.app */ = {isa = PBXFileReference; explicitFileType = wrapper.application; includeInIndex = 0; path = TravisCITestFlight.app; sourceTree = BUILT_PRODUCTS_DIR; };
		C32C2B4118FBBA8B0059B7BF /* Foundation.framework */ = {isa = PBXFileReference; lastKnownFileType = wrapper.framework; name = Foundation.framework; path = System/Library/Frameworks/Foundation.framework; sourceTree = SDKROOT; };
		C32C2B4318FBBA8B0059B7BF /* CoreGraphics.framework */ = {isa = PBXFileReference; lastKnownFileType = wrapper.framework; name = CoreGraphics.framework; path = System/Library/Frameworks/CoreGraphics.framework; sourceTree = SDKROOT; };
		C32C2B4518FBBA8B0059B7BF /* UIKit.framework */ = {isa = PBXFileReference; lastKnownFileType = wrapper.framework; name = UIKit.framework; path = System/Library/Frameworks/UIKit.framework; sourceTree = SDKROOT; };
		C32C2B4918FBBA8B0059B7BF /* TravisCITestFlight-Info.plist */ = {isa = PBXFileReference; lastKnownFileType = text.plist.xml; path = "TravisCITestFlight-Info.plist"; sourceTree = "<group>"; };
		C32C2B4B18FBBA8B0059B7BF /* en */ = {isa = PBXFileReference; lastKnownFileType = text.plist.strings; name = en; path = en.lproj/InfoPlist.strings; sourceTree = "<group>"; };
		C32C2B4D18FBBA8B0059B7BF /* main.m */ = {isa = PBXFileReference; lastKnownFileType = sourcecode.c.objc; path = main.m; sourceTree = "<group>"; };
		C32C2B4F18FBBA8B0059B7BF /* TravisCITestFlight-Prefix.pch */ = {isa = PBXFileReference; lastKnownFileType = sourcecode.c.h; path = "TravisCITestFlight-Prefix.pch"; sourceTree = "<group>"; };
		C32C2B5018FBBA8B0059B7BF /* AppDelegate.h */ = {isa = PBXFileReference; lastKnownFileType = sourcecode.c.h; path = AppDelegate.h; sourceTree = "<group>"; };
		C32C2B5118FBBA8B0059B7BF /* AppDelegate.m */ = {isa = PBXFileReference; lastKnownFileType = sourcecode.c.objc; path = AppDelegate.m; sourceTree = "<group>"; };
		C32C2B5418FBBA8B0059B7BF /* Base */ = {isa = PBXFileReference; lastKnownFileType = file.storyboard; name = Base; path = Base.lproj/Main.storyboard; sourceTree = "<group>"; };
		C32C2B5618FBBA8B0059B7BF /* ViewController.h */ = {isa = PBXFileReference; lastKnownFileType = sourcecode.c.h; path = ViewController.h; sourceTree = "<group>"; };
		C32C2B5718FBBA8B0059B7BF /* ViewController.m */ = {isa = PBXFileReference; lastKnownFileType = sourcecode.c.objc; path = ViewController.m; sourceTree = "<group>"; };
		C32C2B5918FBBA8B0059B7BF /* Images.xcassets */ = {isa = PBXFileReference; lastKnownFileType = folder.assetcatalog; path = Images.xcassets; sourceTree = "<group>"; };
		C32C2B5F18FBBA8B0059B7BF /* TravisCITestFlightTests.xctest */ = {isa = PBXFileReference; explicitFileType = wrapper.cfbundle; includeInIndex = 0; path = TravisCITestFlightTests.xctest; sourceTree = BUILT_PRODUCTS_DIR; };
		C32C2B6018FBBA8B0059B7BF /* XCTest.framework */ = {isa = PBXFileReference; lastKnownFileType = wrapper.framework; name = XCTest.framework; path = Library/Frameworks/XCTest.framework; sourceTree = DEVELOPER_DIR; };
		C32C2B6818FBBA8B0059B7BF /* TravisCITestFlightTests-Info.plist */ = {isa = PBXFileReference; lastKnownFileType = text.plist.xml; path = "TravisCITestFlightTests-Info.plist"; sourceTree = "<group>"; };
		C32C2B6A18FBBA8B0059B7BF /* en */ = {isa = PBXFileReference; lastKnownFileType = text.plist.strings; name = en; path = en.lproj/InfoPlist.strings; sourceTree = "<group>"; };
		C32C2B6C18FBBA8B0059B7BF /* TravisCITestFlightTests.m */ = {isa = PBXFileReference; lastKnownFileType = sourcecode.c.objc; path = TravisCITestFlightTests.m; sourceTree = "<group>"; };
/* End PBXFileReference section */

/* Begin PBXFrameworksBuildPhase section */
		C32C2B3B18FBBA8B0059B7BF /* Frameworks */ = {
			isa = PBXFrameworksBuildPhase;
			buildActionMask = 2147483647;
			files = (
				C32C2B4418FBBA8B0059B7BF /* CoreGraphics.framework in Frameworks */,
				C32C2B4618FBBA8B0059B7BF /* UIKit.framework in Frameworks */,
				C32C2B4218FBBA8B0059B7BF /* Foundation.framework in Frameworks */,
			);
			runOnlyForDeploymentPostprocessing = 0;
		};
		C32C2B5C18FBBA8B0059B7BF /* Frameworks */ = {
			isa = PBXFrameworksBuildPhase;
			buildActionMask = 2147483647;
			files = (
				C32C2B6118FBBA8B0059B7BF /* XCTest.framework in Frameworks */,
				C32C2B6318FBBA8B0059B7BF /* UIKit.framework in Frameworks */,
				C32C2B6218FBBA8B0059B7BF /* Foundation.framework in Frameworks */,
			);
			runOnlyForDeploymentPostprocessing = 0;
		};
/* End PBXFrameworksBuildPhase section */

/* Begin PBXGroup section */
		C32C2B3518FBBA8B0059B7BF = {
			isa = PBXGroup;
			children = (
				C32C2B4718FBBA8B0059B7BF /* TravisCITestFlight */,
				C32C2B6618FBBA8B0059B7BF /* TravisCITestFlightTests */,
				C32C2B4018FBBA8B0059B7BF /* Frameworks */,
				C32C2B3F18FBBA8B0059B7BF /* Products */,
			);
			sourceTree = "<group>";
		};
		C32C2B3F18FBBA8B0059B7BF /* Products */ = {
			isa = PBXGroup;
			children = (
				C32C2B3E18FBBA8B0059B7BF /* TravisCITestFlight.app */,
				C32C2B5F18FBBA8B0059B7BF /* TravisCITestFlightTests.xctest */,
			);
			name = Products;
			sourceTree = "<group>";
		};
		C32C2B4018FBBA8B0059B7BF /* Frameworks */ = {
			isa = PBXGroup;
			children = (
				C32C2B4118FBBA8B0059B7BF /* Foundation.framework */,
				C32C2B4318FBBA8B0059B7BF /* CoreGraphics.framework */,
				C32C2B4518FBBA8B0059B7BF /* UIKit.framework */,
				C32C2B6018FBBA8B0059B7BF /* XCTest.framework */,
			);
			name = Frameworks;
			sourceTree = "<group>";
		};
		C32C2B4718FBBA8B0059B7BF /* TravisCITestFlight */ = {
			isa = PBXGroup;
			children = (
				C32C2B5018FBBA8B0059B7BF /* AppDelegate.h */,
				C32C2B5118FBBA8B0059B7BF /* AppDelegate.m */,
				C32C2B5318FBBA8B0059B7BF /* Main.storyboard */,
				C32C2B5618FBBA8B0059B7BF /* ViewController.h */,
				C32C2B5718FBBA8B0059B7BF /* ViewController.m */,
				C32C2B5918FBBA8B0059B7BF /* Images.xcassets */,
				C32C2B4818FBBA8B0059B7BF /* Supporting Files */,
			);
			path = TravisCITestFlight;
			sourceTree = "<group>";
		};
		C32C2B4818FBBA8B0059B7BF /* Supporting Files */ = {
			isa = PBXGroup;
			children = (
				C32C2B4918FBBA8B0059B7BF /* TravisCITestFlight-Info.plist */,
				C32C2B4A18FBBA8B0059B7BF /* InfoPlist.strings */,
				C32C2B4D18FBBA8B0059B7BF /* main.m */,
				C32C2B4F18FBBA8B0059B7BF /* TravisCITestFlight-Prefix.pch */,
			);
			name = "Supporting Files";
			sourceTree = "<group>";
		};
		C32C2B6618FBBA8B0059B7BF /* TravisCITestFlightTests */ = {
			isa = PBXGroup;
			children = (
				C32C2B6C18FBBA8B0059B7BF /* TravisCITestFlightTests.m */,
				C32C2B6718FBBA8B0059B7BF /* Supporting Files */,
			);
			path = TravisCITestFlightTests;
			sourceTree = "<group>";
		};
		C32C2B6718FBBA8B0059B7BF /* Supporting Files */ = {
			isa = PBXGroup;
			children = (
				C32C2B6818FBBA8B0059B7BF /* TravisCITestFlightTests-Info.plist */,
				C32C2B6918FBBA8B0059B7BF /* InfoPlist.strings */,
			);
			name = "Supporting Files";
			sourceTree = "<group>";
		};
/* End PBXGroup section */

/* Begin PBXNativeTarget section */
		C32C2B3D18FBBA8B0059B7BF /* TravisCITestFlight */ = {
			isa = PBXNativeTarget;
			buildConfigurationList = C32C2B7018FBBA8B0059B7BF /* Build configuration list for PBXNativeTarget "TravisCITestFlight" */;
			buildPhases = (
				C32C2B3A18FBBA8B0059B7BF /* Sources */,
				C32C2B3B18FBBA8B0059B7BF /* Frameworks */,
				C32C2B3C18FBBA8B0059B7BF /* Resources */,
			);
			buildRules = (
			);
			dependencies = (
			);
			name = TravisCITestFlight;
			productName = TravisCITestFlight;
			productReference = C32C2B3E18FBBA8B0059B7BF /* TravisCITestFlight.app */;
			productType = "com.apple.product-type.application";
		};
		C32C2B5E18FBBA8B0059B7BF /* TravisCITestFlightTests */ = {
			isa = PBXNativeTarget;
			buildConfigurationList = C32C2B7318FBBA8B0059B7BF /* Build configuration list for PBXNativeTarget "TravisCITestFlightTests" */;
			buildPhases = (
				C32C2B5B18FBBA8B0059B7BF /* Sources */,
				C32C2B5C18FBBA8B0059B7BF /* Frameworks */,
				C32C2B5D18FBBA8B0059B7BF /* Resources */,
			);
			buildRules = (
			);
			dependencies = (
				C32C2B6518FBBA8B0059B7BF /* PBXTargetDependency */,
			);
			name = TravisCITestFlightTests;
			productName = TravisCITestFlightTests;
			productReference = C32C2B5F18FBBA8B0059B7BF /* TravisCITestFlightTests.xctest */;
			productType = "com.apple.product-type.bundle.unit-test";
		};
/* End PBXNativeTarget section */

/* Begin PBXProject section */
		C32C2B3618FBBA8B0059B7BF /* Project object */ = {
			isa = PBXProject;
			attributes = {
				LastUpgradeCheck = 0510;
				ORGANIZATIONNAME = masaplabs;
				TargetAttributes = {
					C32C2B5E18FBBA8B0059B7BF = {
						TestTargetID = C32C2B3D18FBBA8B0059B7BF;
					};
				};
			};
			buildConfigurationList = C32C2B3918FBBA8B0059B7BF /* Build configuration list for PBXProject "TravisCITestFlight" */;
			compatibilityVersion = "Xcode 3.2";
			developmentRegion = English;
			hasScannedForEncodings = 0;
			knownRegions = (
				en,
				Base,
			);
			mainGroup = C32C2B3518FBBA8B0059B7BF;
			productRefGroup = C32C2B3F18FBBA8B0059B7BF /* Products */;
			projectDirPath = "";
			projectRoot = "";
			targets = (
				C32C2B3D18FBBA8B0059B7BF /* TravisCITestFlight */,
				C32C2B5E18FBBA8B0059B7BF /* TravisCITestFlightTests */,
			);
		};
/* End PBXProject section */

/* Begin PBXResourcesBuildPhase section */
		C32C2B3C18FBBA8B0059B7BF /* Resources */ = {
			isa = PBXResourcesBuildPhase;
			buildActionMask = 2147483647;
			files = (
				C32C2B5A18FBBA8B0059B7BF /* Images.xcassets in Resources */,
				C32C2B4C18FBBA8B0059B7BF /* InfoPlist.strings in Resources */,
				C32C2B5518FBBA8B0059B7BF /* Main.storyboard in Resources */,
			);
			runOnlyForDeploymentPostprocessing = 0;
		};
		C32C2B5D18FBBA8B0059B7BF /* Resources */ = {
			isa = PBXResourcesBuildPhase;
			buildActionMask = 2147483647;
			files = (
				C32C2B6B18FBBA8B0059B7BF /* InfoPlist.strings in Resources */,
			);
			runOnlyForDeploymentPostprocessing = 0;
		};
/* End PBXResourcesBuildPhase section */

/* Begin PBXSourcesBuildPhase section */
		C32C2B3A18FBBA8B0059B7BF /* Sources */ = {
			isa = PBXSourcesBuildPhase;
			buildActionMask = 2147483647;
			files = (
				C32C2B5818FBBA8B0059B7BF /* ViewController.m in Sources */,
				C32C2B5218FBBA8B0059B7BF /* AppDelegate.m in Sources */,
				C32C2B4E18FBBA8B0059B7BF /* main.m in Sources */,
			);
			runOnlyForDeploymentPostprocessing = 0;
		};
		C32C2B5B18FBBA8B0059B7BF /* Sources */ = {
			isa = PBXSourcesBuildPhase;
			buildActionMask = 2147483647;
			files = (
				C32C2B6D18FBBA8B0059B7BF /* TravisCITestFlightTests.m in Sources */,
			);
			runOnlyForDeploymentPostprocessing = 0;
		};
/* End PBXSourcesBuildPhase section */

/* Begin PBXTargetDependency section */
		C32C2B6518FBBA8B0059B7BF /* PBXTargetDependency */ = {
			isa = PBXTargetDependency;
			target = C32C2B3D18FBBA8B0059B7BF /* TravisCITestFlight */;
			targetProxy = C32C2B6418FBBA8B0059B7BF /* PBXContainerItemProxy */;
		};
/* End PBXTargetDependency section */

/* Begin PBXVariantGroup section */
		C32C2B4A18FBBA8B0059B7BF /* InfoPlist.strings */ = {
			isa = PBXVariantGroup;
			children = (
				C32C2B4B18FBBA8B0059B7BF /* en */,
			);
			name = InfoPlist.strings;
			sourceTree = "<group>";
		};
		C32C2B5318FBBA8B0059B7BF /* Main.storyboard */ = {
			isa = PBXVariantGroup;
			children = (
				C32C2B5418FBBA8B0059B7BF /* Base */,
			);
			name = Main.storyboard;
			sourceTree = "<group>";
		};
		C32C2B6918FBBA8B0059B7BF /* InfoPlist.strings */ = {
			isa = PBXVariantGroup;
			children = (
				C32C2B6A18FBBA8B0059B7BF /* en */,
			);
			name = InfoPlist.strings;
			sourceTree = "<group>";
		};
/* End PBXVariantGroup section */

/* Begin XCBuildConfiguration section */
		C32C2B6E18FBBA8B0059B7BF /* Debug */ = {
			isa = XCBuildConfiguration;
			buildSettings = {
				ALWAYS_SEARCH_USER_PATHS = NO;
				CLANG_CXX_LANGUAGE_STANDARD = "gnu++0x";
				CLANG_CXX_LIBRARY = "libc++";
				CLANG_ENABLE_MODULES = YES;
				CLANG_ENABLE_OBJC_ARC = YES;
				CLANG_WARN_BOOL_CONVERSION = YES;
				CLANG_WARN_CONSTANT_CONVERSION = YES;
				CLANG_WARN_DIRECT_OBJC_ISA_USAGE = YES_ERROR;
				CLANG_WARN_EMPTY_BODY = YES;
				CLANG_WARN_ENUM_CONVERSION = YES;
				CLANG_WARN_INT_CONVERSION = YES;
				CLANG_WARN_OBJC_ROOT_CLASS = YES_ERROR;
				CLANG_WARN__DUPLICATE_METHOD_MATCH = YES;
				"CODE_SIGN_IDENTITY[sdk=iphoneos*]" = "iPhone Developer";
				COPY_PHASE_STRIP = NO;
				GCC_C_LANGUAGE_STANDARD = gnu99;
				GCC_DYNAMIC_NO_PIC = NO;
				GCC_OPTIMIZATION_LEVEL = 0;
				GCC_PREPROCESSOR_DEFINITIONS = (
					"DEBUG=1",
					"$(inherited)",
				);
				GCC_SYMBOLS_PRIVATE_EXTERN = NO;
				GCC_WARN_64_TO_32_BIT_CONVERSION = YES;
				GCC_WARN_ABOUT_RETURN_TYPE = YES_ERROR;
				GCC_WARN_UNDECLARED_SELECTOR = YES;
				GCC_WARN_UNINITIALIZED_AUTOS = YES_AGGRESSIVE;
				GCC_WARN_UNUSED_FUNCTION = YES;
				GCC_WARN_UNUSED_VARIABLE = YES;
				IPHONEOS_DEPLOYMENT_TARGET = 7.1;
				ONLY_ACTIVE_ARCH = YES;
				SDKROOT = iphoneos;
			};
			name = Debug;
		};
		C32C2B6F18FBBA8B0059B7BF /* Release */ = {
			isa = XCBuildConfiguration;
			buildSettings = {
				ALWAYS_SEARCH_USER_PATHS = NO;
				CLANG_CXX_LANGUAGE_STANDARD = "gnu++0x";
				CLANG_CXX_LIBRARY = "libc++";
				CLANG_ENABLE_MODULES = YES;
				CLANG_ENABLE_OBJC_ARC = YES;
				CLANG_WARN_BOOL_CONVERSION = YES;
				CLANG_WARN_CONSTANT_CONVERSION = YES;
				CLANG_WARN_DIRECT_OBJC_ISA_USAGE = YES_ERROR;
				CLANG_WARN_EMPTY_BODY = YES;
				CLANG_WARN_ENUM_CONVERSION = YES;
				CLANG_WARN_INT_CONVERSION = YES;
				CLANG_WARN_OBJC_ROOT_CLASS = YES_ERROR;
				CLANG_WARN__DUPLICATE_METHOD_MATCH = YES;
				"CODE_SIGN_IDENTITY[sdk=iphoneos*]" = "iPhone Developer";
				COPY_PHASE_STRIP = YES;
				ENABLE_NS_ASSERTIONS = NO;
				GCC_C_LANGUAGE_STANDARD = gnu99;
				GCC_WARN_64_TO_32_BIT_CONVERSION = YES;
				GCC_WARN_ABOUT_RETURN_TYPE = YES_ERROR;
				GCC_WARN_UNDECLARED_SELECTOR = YES;
				GCC_WARN_UNINITIALIZED_AUTOS = YES_AGGRESSIVE;
				GCC_WARN_UNUSED_FUNCTION = YES;
				GCC_WARN_UNUSED_VARIABLE = YES;
				IPHONEOS_DEPLOYMENT_TARGET = 7.1;
				SDKROOT = iphoneos;
				VALIDATE_PRODUCT = YES;
			};
			name = Release;
		};
		C32C2B7118FBBA8B0059B7BF /* Debug */ = {
			isa = XCBuildConfiguration;
			buildSettings = {
				ASSETCATALOG_COMPILER_APPICON_NAME = AppIcon;
				ASSETCATALOG_COMPILER_LAUNCHIMAGE_NAME = LaunchImage;
				GCC_PRECOMPILE_PREFIX_HEADER = YES;
				GCC_PREFIX_HEADER = "TravisCITestFlight/TravisCITestFlight-Prefix.pch";
				INFOPLIST_FILE = "TravisCITestFlight/TravisCITestFlight-Info.plist";
				IPHONEOS_DEPLOYMENT_TARGET = 7.0;
				PRODUCT_NAME = "$(TARGET_NAME)";
				WRAPPER_EXTENSION = app;
			};
			name = Debug;
		};
		C32C2B7218FBBA8B0059B7BF /* Release */ = {
			isa = XCBuildConfiguration;
			buildSettings = {
				ASSETCATALOG_COMPILER_APPICON_NAME = AppIcon;
				ASSETCATALOG_COMPILER_LAUNCHIMAGE_NAME = LaunchImage;
				GCC_PRECOMPILE_PREFIX_HEADER = YES;
				GCC_PREFIX_HEADER = "TravisCITestFlight/TravisCITestFlight-Prefix.pch";
				INFOPLIST_FILE = "TravisCITestFlight/TravisCITestFlight-Info.plist";
				IPHONEOS_DEPLOYMENT_TARGET = 7.0;
				PRODUCT_NAME = "$(TARGET_NAME)";
				WRAPPER_EXTENSION = app;
			};
			name = Release;
		};
		C32C2B7418FBBA8B0059B7BF /* Debug */ = {
			isa = XCBuildConfiguration;
			buildSettings = {
				BUNDLE_LOADER = "$(BUILT_PRODUCTS_DIR)/TravisCITestFlight.app/TravisCITestFlight";
				FRAMEWORK_SEARCH_PATHS = (
					"$(SDKROOT)/Developer/Library/Frameworks",
					"$(inherited)",
					"$(DEVELOPER_FRAMEWORKS_DIR)",
				);
				GCC_PRECOMPILE_PREFIX_HEADER = YES;
				GCC_PREFIX_HEADER = "TravisCITestFlight/TravisCITestFlight-Prefix.pch";
				GCC_PREPROCESSOR_DEFINITIONS = (
					"DEBUG=1",
					"$(inherited)",
				);
				INFOPLIST_FILE = "TravisCITestFlightTests/TravisCITestFlightTests-Info.plist";
				PRODUCT_NAME = "$(TARGET_NAME)";
				TEST_HOST = "$(BUNDLE_LOADER)";
				WRAPPER_EXTENSION = xctest;
			};
			name = Debug;
		};
		C32C2B7518FBBA8B0059B7BF /* Release */ = {
			isa = XCBuildConfiguration;
			buildSettings = {
				BUNDLE_LOADER = "$(BUILT_PRODUCTS_DIR)/TravisCITestFlight.app/TravisCITestFlight";
				FRAMEWORK_SEARCH_PATHS = (
					"$(SDKROOT)/Developer/Library/Frameworks",
					"$(inherited)",
					"$(DEVELOPER_FRAMEWORKS_DIR)",
				);
				GCC_PRECOMPILE_PREFIX_HEADER = YES;
				GCC_PREFIX_HEADER = "TravisCITestFlight/TravisCITestFlight-Prefix.pch";
				INFOPLIST_FILE = "TravisCITestFlightTests/TravisCITestFlightTests-Info.plist";
				PRODUCT_NAME = "$(TARGET_NAME)";
				TEST_HOST = "$(BUNDLE_LOADER)";
				WRAPPER_EXTENSION = xctest;
			};
			name = Release;
		};
/* End XCBuildConfiguration section */

/* Begin XCConfigurationList section */
		C32C2B3918FBBA8B0059B7BF /* Build configuration list for PBXProject "TravisCITestFlight" */ = {
			isa = XCConfigurationList;
			buildConfigurations = (
				C32C2B6E18FBBA8B0059B7BF /* Debug */,
				C32C2B6F18FBBA8B0059B7BF /* Release */,
			);
			defaultConfigurationIsVisible = 0;
			defaultConfigurationName = Release;
		};
		C32C2B7018FBBA8B0059B7BF /* Build configuration list for PBXNativeTarget "TravisCITestFlight" */ = {
			isa = XCConfigurationList;
			buildConfigurations = (
				C32C2B7118FBBA8B0059B7BF /* Debug */,
				C32C2B7218FBBA8B0059B7BF /* Release */,
			);
			defaultConfigurationIsVisible = 0;
		};
		C32C2B7318FBBA8B0059B7BF /* Build configuration list for PBXNativeTarget "TravisCITestFlightTests" */ = {
			isa = XCConfigurationList;
			buildConfigurations = (
				C32C2B7418FBBA8B0059B7BF /* Debug */,
				C32C2B7518FBBA8B0059B7BF /* Release */,
			);
			defaultConfigurationIsVisible = 0;
		};
/* End XCConfigurationList section */
	};
	rootObject = C32C2B3618FBBA8B0059B7BF /* Project object */;
}
